
Microsoft Visual Studio Solution File, Format Version 12.00
# Visual Studio Version 17
VisualStudioVersion = 17.9.34714.143
MinimumVisualStudioVersion = 10.0.40219.1
Project("{9A19103F-16F7-4668-BE54-9A1E7A4F7556}") = "WEBSHOP_API", "WEBSHOP_API\WEBSHOP_API.csproj", "{D998F623-569B-4AAC-866C-746D79839BA3}"
EndProject
Global
	GlobalSection(SolutionConfigurationPlatforms) = preSolution
		Debug|Any CPU = Debug|Any CPU
		Release|Any CPU = Release|Any CPU
	EndGlobalSection
	GlobalSection(ProjectConfigurationPlatforms) = postSolution
		{D998F623-569B-4AAC-866C-746D79839BA3}.Debug|Any CPU.ActiveCfg = Debug|Any CPU
		{D998F623-569B-4AAC-866C-746D79839BA3}.Debug|Any CPU.Build.0 = Debug|Any CPU
		{D998F623-569B-4AAC-866C-746D79839BA3}.Release|Any CPU.ActiveCfg = Release|Any CPU
		{D998F623-569B-4AAC-866C-746D79839BA3}.Release|Any CPU.Build.0 = Release|Any CPU
	EndGlobalSection
	GlobalSection(SolutionProperties) = preSolution
		HideSolutionNode = FALSE
	EndGlobalSection
	GlobalSection(ExtensibilityGlobals) = postSolution
		SolutionGuid = {692079B2-616B-4025-8C64-7CD3DA553310}
	EndGlobalSection
EndGlobal
